
Microsoft Visual Studio Solution File, Format Version 12.00
# Visual Studio Version 17
VisualStudioVersion = 17.5.33209.295
MinimumVisualStudioVersion = 10.0.40219.1
Project("{9A19103F-16F7-4668-BE54-9A1E7A4F7556}") = "WebApplication1", "WebApplication1.csproj", "{9B251A7F-9CEE-4F78-8208-297F70740CCD}"
EndProject
Global
	GlobalSection(SolutionConfigurationPlatforms) = preSolution
		Debug|Any CPU = Debug|Any CPU
		Release|Any CPU = Release|Any CPU
	EndGlobalSection
	GlobalSection(ProjectConfigurationPlatforms) = postSolution
		{9B251A7F-9CEE-4F78-8208-297F70740CCD}.Debug|Any CPU.ActiveCfg = Debug|Any CPU
		{9B251A7F-9CEE-4F78-8208-297F70740CCD}.Debug|Any CPU.Build.0 = Debug|Any CPU
		{9B251A7F-9CEE-4F78-8208-297F70740CCD}.Release|Any CPU.ActiveCfg = Release|Any CPU
		{9B251A7F-9CEE-4F78-8208-297F70740CCD}.Release|Any CPU.Build.0 = Release|Any CPU
	EndGlobalSection
	GlobalSection(SolutionProperties) = preSolution
		HideSolutionNode = FALSE
	EndGlobalSection
	GlobalSection(ExtensibilityGlobals) = postSolution
		SolutionGuid = {A450198A-3609-419E-AAA6-F52C24810B75}
	EndGlobalSection
EndGlobal
